{
  "version": "5",
  "specifiers": {
    "npm:node-cron@^4.0.7": "4.0.7"
  },
  "npm": {
    "node-cron@4.0.7": {
      "integrity": "sha512-A37UUDpxRT/kWanELr/oMayCWQFk9Zx9BEUoXrAKuKwKzH4XuAX+vMixMBPkgZBkADgJwXv91w5cMRTNSVP/mA=="
    }
  },
  "workspace": {
    "dependencies": [
      "npm:node-cron@^4.0.7"
    ]
  }
}
